
Microsoft Visual Studio Solution File, Format Version 12.00
# Visual Studio Version 17
VisualStudioVersion = 17.6.33829.357
MinimumVisualStudioVersion = 10.0.40219.1
Project("{8BC9CEB8-8B4A-11D0-8D11-00A0C91BC942}") = "cpp-practics", "cpp-practics\cpp-practics.vcxproj", "{9C0F89A5-21C8-43A9-A948-D7ACFF42AA24}"
EndProject
Global
	GlobalSection(SolutionConfigurationPlatforms) = preSolution
		Debug|x64 = Debug|x64
		Debug|x86 = Debug|x86
		Release|x64 = Release|x64
		Release|x86 = Release|x86
	EndGlobalSection
	GlobalSection(ProjectConfigurationPlatforms) = postSolution
		{9C0F89A5-21C8-43A9-A948-D7ACFF42AA24}.Debug|x64.ActiveCfg = Debug|x64
		{9C0F89A5-21C8-43A9-A948-D7ACFF42AA24}.Debug|x64.Build.0 = Debug|x64
		{9C0F89A5-21C8-43A9-A948-D7ACFF42AA24}.Debug|x86.ActiveCfg = Debug|Win32
		{9C0F89A5-21C8-43A9-A948-D7ACFF42AA24}.Debug|x86.Build.0 = Debug|Win32
		{9C0F89A5-21C8-43A9-A948-D7ACFF42AA24}.Release|x64.ActiveCfg = Release|x64
		{9C0F89A5-21C8-43A9-A948-D7ACFF42AA24}.Release|x64.Build.0 = Release|x64
		{9C0F89A5-21C8-43A9-A948-D7ACFF42AA24}.Release|x86.ActiveCfg = Release|Win32
		{9C0F89A5-21C8-43A9-A948-D7ACFF42AA24}.Release|x86.Build.0 = Release|Win32
	EndGlobalSection
	GlobalSection(SolutionProperties) = preSolution
		HideSolutionNode = FALSE
	EndGlobalSection
	GlobalSection(ExtensibilityGlobals) = postSolution
		SolutionGuid = {D6888294-351F-40D7-95E1-7E3AE28106E4}
	EndGlobalSection
EndGlobal
